
Microsoft Visual Studio Solution File, Format Version 12.00
# Visual Studio Version 16
VisualStudioVersion = 16.0.29326.143
MinimumVisualStudioVersion = 10.0.40219.1
Project("{FAE04EC0-301F-11D3-BF4B-00C04F79EFBC}") = "monn", "monn\monn.csproj", "{8EA95572-86F5-4693-824F-AB5A5AE033DA}"
EndProject
Global
	GlobalSection(SolutionConfigurationPlatforms) = preSolution
		Debug|Any CPU = Debug|Any CPU
		Release|Any CPU = Release|Any CPU
	EndGlobalSection
	GlobalSection(ProjectConfigurationPlatforms) = postSolution
		{8EA95572-86F5-4693-824F-AB5A5AE033DA}.Debug|Any CPU.ActiveCfg = Debug|Any CPU
		{8EA95572-86F5-4693-824F-AB5A5AE033DA}.Debug|Any CPU.Build.0 = Debug|Any CPU
		{8EA95572-86F5-4693-824F-AB5A5AE033DA}.Release|Any CPU.ActiveCfg = Release|Any CPU
		{8EA95572-86F5-4693-824F-AB5A5AE033DA}.Release|Any CPU.Build.0 = Release|Any CPU
	EndGlobalSection
	GlobalSection(SolutionProperties) = preSolution
		HideSolutionNode = FALSE
	EndGlobalSection
	GlobalSection(ExtensibilityGlobals) = postSolution
		SolutionGuid = {395BC753-19E4-4B46-9F5C-5CA95BCF0E55}
	EndGlobalSection
EndGlobal
